
Microsoft Visual Studio Solution File, Format Version 12.00
# Visual Studio Version 17
VisualStudioVersion = 17.0.32002.185
MinimumVisualStudioVersion = 10.0.40219.1
Project("{FAE04EC0-301F-11D3-BF4B-00C04F79EFBC}") = "VirtualPetMVC", "VirtualPetMVC.csproj", "{1D2BFCF1-B066-455A-B280-CFA0627BC94A}"
EndProject
Global
	GlobalSection(SolutionConfigurationPlatforms) = preSolution
		Debug|Any CPU = Debug|Any CPU
		Release|Any CPU = Release|Any CPU
	EndGlobalSection
	GlobalSection(ProjectConfigurationPlatforms) = postSolution
		{1D2BFCF1-B066-455A-B280-CFA0627BC94A}.Debug|Any CPU.ActiveCfg = Debug|Any CPU
		{1D2BFCF1-B066-455A-B280-CFA0627BC94A}.Debug|Any CPU.Build.0 = Debug|Any CPU
		{1D2BFCF1-B066-455A-B280-CFA0627BC94A}.Release|Any CPU.ActiveCfg = Release|Any CPU
		{1D2BFCF1-B066-455A-B280-CFA0627BC94A}.Release|Any CPU.Build.0 = Release|Any CPU
	EndGlobalSection
	GlobalSection(SolutionProperties) = preSolution
		HideSolutionNode = FALSE
	EndGlobalSection
	GlobalSection(ExtensibilityGlobals) = postSolution
		SolutionGuid = {A15FC16C-9333-4B0F-A795-A6546BB6A653}
	EndGlobalSection
EndGlobal
